
Microsoft Visual Studio Solution File, Format Version 12.00
# Visual Studio Version 17
VisualStudioVersion = 17.9.34728.123
MinimumVisualStudioVersion = 10.0.40219.1
Project("{FAE04EC0-301F-11D3-BF4B-00C04F79EFBC}") = "C868", "C868.csproj", "{69D2E1C7-100D-4429-A7F8-EB379B853BAC}"
EndProject
Global
	GlobalSection(SolutionConfigurationPlatforms) = preSolution
		Debug|Any CPU = Debug|Any CPU
		Release|Any CPU = Release|Any CPU
	EndGlobalSection
	GlobalSection(ProjectConfigurationPlatforms) = postSolution
		{69D2E1C7-100D-4429-A7F8-EB379B853BAC}.Debug|Any CPU.ActiveCfg = Debug|Any CPU
		{69D2E1C7-100D-4429-A7F8-EB379B853BAC}.Debug|Any CPU.Build.0 = Debug|Any CPU
		{69D2E1C7-100D-4429-A7F8-EB379B853BAC}.Release|Any CPU.ActiveCfg = Release|Any CPU
		{69D2E1C7-100D-4429-A7F8-EB379B853BAC}.Release|Any CPU.Build.0 = Release|Any CPU
	EndGlobalSection
	GlobalSection(SolutionProperties) = preSolution
		HideSolutionNode = FALSE
	EndGlobalSection
	GlobalSection(ExtensibilityGlobals) = postSolution
		SolutionGuid = {09B13F4D-4893-4A75-812A-AC213B355F6C}
	EndGlobalSection
EndGlobal
